{
  "version": 4,
  "terraform_version": "1.7.0",
  "serial": 3,
  "lineage": "9924fb05-f0e2-6cea-c93b-4964122d512e",
  "outputs": {},
  "resources": [
    {
      "mode": "managed",
      "type": "local_file",
      "name": "hello",
      "provider": "provider[\"registry.terraform.io/hashicorp/local\"]",
      "instances": [
        {
          "schema_version": 0,
          "attributes": {
            "content": "hello world",
            "content_base64": null,
            "content_base64sha256": "uU0nuZNNPgilLlLX2n2r+sSE7+N6U4DukIj3rOLvzek=",
            "content_base64sha512": "MJ7MSJwS1utMxA9QyQLytNDtd+5RGnx6m808qG1M2G+YndNbxf9JlnDaNCVbRbDP2DDoH2Bdz33FVC6TrpzXbw==",
            "content_md5": "5eb63bbbe01eeed093cb22bb8f5acdc3",
            "content_sha1": "2aae6c35c94fcfb415dbe95f408b9ce91ee846ed",
            "content_sha256": "b94d27b9934d3e08a52e52d7da7dabfac484efe37a5380ee9088f7ace2efcde9",
            "content_sha512": "309ecc489c12d6eb4cc40f50c902f2b4d0ed77ee511a7c7a9bcd3ca86d4cd86f989dd35bc5ff499670da34255b45b0cfd830e81f605dcf7dc5542e93ae9cd76f",
            "directory_permission": "0777",
            "file_permission": "0700",
            "filename": "/tmp/hello.txt",
            "id": "2aae6c35c94fcfb415dbe95f408b9ce91ee846ed",
            "sensitive_content": null,
            "source": null
          },
          "sensitive_attributes": []
        }
      ]
    },
    {
      "mode": "managed",
      "type": "random_string",
      "name": "random_code",
      "provider": "provider[\"registry.terraform.io/hashicorp/random\"]",
      "instances": [
        {
          "schema_version": 2,
          "attributes": {
            "id": "m133u",
            "keepers": null,
            "length": 5,
            "lower": true,
            "min_lower": 0,
            "min_numeric": 0,
            "min_special": 0,
            "min_upper": 0,
            "number": true,
            "numeric": true,
            "override_special": null,
            "result": "m133u",
            "special": false,
            "upper": false
          },
          "sensitive_attributes": []
        }
      ]
    }
  ],
  "check_results": null
}
